
Microsoft Visual Studio Solution File, Format Version 12.00
Project("{2150E333-8FDC-42A3-9474-1A3956D46DE8}") = "src", "src", "{8A7AC7EF-3EBF-4104-AC31-229EF1F4D97C}"
EndProject
Project("{2150E333-8FDC-42A3-9474-1A3956D46DE8}") = "test", "test", "{B09DD878-BD2D-40E1-BB8D-4A007A740084}"
EndProject
Project("{2150E333-8FDC-42A3-9474-1A3956D46DE8}") = "UI", "UI", "{789DFB92-132D-4086-811A-F0A6EC3BA40C}"
EndProject
Project("{2150E333-8FDC-42A3-9474-1A3956D46DE8}") = "API", "API", "{C037B9C5-E7EB-4605-8925-8AAAB7F09E1D}"
EndProject
Project("{2150E333-8FDC-42A3-9474-1A3956D46DE8}") = "Core", "Core", "{1CCAA581-ABE1-4B95-8A64-778BB7A65604}"
EndProject
Project("{FAE04EC0-301F-11D3-BF4B-00C04F79EFBC}") = "Healthcare.Domain", "Healthcare.Domain\Healthcare.Domain.csproj", "{21665D69-E640-4C4C-AFC1-CC172D47172D}"
EndProject
Project("{2150E333-8FDC-42A3-9474-1A3956D46DE8}") = "Application", "Application", "{9E3999C5-6997-4C29-AB9C-37901295BC23}"
EndProject
Project("{2150E333-8FDC-42A3-9474-1A3956D46DE8}") = "Domain", "Domain", "{05DAA98A-3214-48DE-BBD8-2679001F8FE6}"
EndProject
Project("{FAE04EC0-301F-11D3-BF4B-00C04F79EFBC}") = "Healthcare.Application", "Healthcare.Application\Healthcare.Application.csproj", "{6FA8451B-19BD-4FF9-ACC8-A6979FBDD104}"
EndProject
Project("{2150E333-8FDC-42A3-9474-1A3956D46DE8}") = "Infrastructure", "Infrastructure", "{E99C5325-D345-4945-85C5-037829CAE830}"
EndProject
Project("{FAE04EC0-301F-11D3-BF4B-00C04F79EFBC}") = "Healthcare.Infrastructure", "Healthcare.Infrastructure\Healthcare.Infrastructure.csproj", "{453EE111-6853-4EDD-B5F6-36C26FE6069C}"
EndProject
Project("{FAE04EC0-301F-11D3-BF4B-00C04F79EFBC}") = "TestConsole", "TestConsole\TestConsole.csproj", "{4CB4ACDE-8B0A-4BAC-AF32-ADFC59BFC63F}"
EndProject
Global
	GlobalSection(SolutionConfigurationPlatforms) = preSolution
		Debug|Any CPU = Debug|Any CPU
		Release|Any CPU = Release|Any CPU
	EndGlobalSection
	GlobalSection(NestedProjects) = preSolution
		{789DFB92-132D-4086-811A-F0A6EC3BA40C} = {8A7AC7EF-3EBF-4104-AC31-229EF1F4D97C}
		{C037B9C5-E7EB-4605-8925-8AAAB7F09E1D} = {8A7AC7EF-3EBF-4104-AC31-229EF1F4D97C}
		{1CCAA581-ABE1-4B95-8A64-778BB7A65604} = {8A7AC7EF-3EBF-4104-AC31-229EF1F4D97C}
		{9E3999C5-6997-4C29-AB9C-37901295BC23} = {1CCAA581-ABE1-4B95-8A64-778BB7A65604}
		{05DAA98A-3214-48DE-BBD8-2679001F8FE6} = {1CCAA581-ABE1-4B95-8A64-778BB7A65604}
		{21665D69-E640-4C4C-AFC1-CC172D47172D} = {05DAA98A-3214-48DE-BBD8-2679001F8FE6}
		{6FA8451B-19BD-4FF9-ACC8-A6979FBDD104} = {9E3999C5-6997-4C29-AB9C-37901295BC23}
		{E99C5325-D345-4945-85C5-037829CAE830} = {8A7AC7EF-3EBF-4104-AC31-229EF1F4D97C}
		{453EE111-6853-4EDD-B5F6-36C26FE6069C} = {E99C5325-D345-4945-85C5-037829CAE830}
		{4CB4ACDE-8B0A-4BAC-AF32-ADFC59BFC63F} = {B09DD878-BD2D-40E1-BB8D-4A007A740084}
	EndGlobalSection
	GlobalSection(ProjectConfigurationPlatforms) = postSolution
		{21665D69-E640-4C4C-AFC1-CC172D47172D}.Debug|Any CPU.ActiveCfg = Debug|Any CPU
		{21665D69-E640-4C4C-AFC1-CC172D47172D}.Debug|Any CPU.Build.0 = Debug|Any CPU
		{21665D69-E640-4C4C-AFC1-CC172D47172D}.Release|Any CPU.ActiveCfg = Release|Any CPU
		{21665D69-E640-4C4C-AFC1-CC172D47172D}.Release|Any CPU.Build.0 = Release|Any CPU
		{6FA8451B-19BD-4FF9-ACC8-A6979FBDD104}.Debug|Any CPU.ActiveCfg = Debug|Any CPU
		{6FA8451B-19BD-4FF9-ACC8-A6979FBDD104}.Debug|Any CPU.Build.0 = Debug|Any CPU
		{6FA8451B-19BD-4FF9-ACC8-A6979FBDD104}.Release|Any CPU.ActiveCfg = Release|Any CPU
		{6FA8451B-19BD-4FF9-ACC8-A6979FBDD104}.Release|Any CPU.Build.0 = Release|Any CPU
		{453EE111-6853-4EDD-B5F6-36C26FE6069C}.Debug|Any CPU.ActiveCfg = Debug|Any CPU
		{453EE111-6853-4EDD-B5F6-36C26FE6069C}.Debug|Any CPU.Build.0 = Debug|Any CPU
		{453EE111-6853-4EDD-B5F6-36C26FE6069C}.Release|Any CPU.ActiveCfg = Release|Any CPU
		{453EE111-6853-4EDD-B5F6-36C26FE6069C}.Release|Any CPU.Build.0 = Release|Any CPU
		{4CB4ACDE-8B0A-4BAC-AF32-ADFC59BFC63F}.Debug|Any CPU.ActiveCfg = Debug|Any CPU
		{4CB4ACDE-8B0A-4BAC-AF32-ADFC59BFC63F}.Debug|Any CPU.Build.0 = Debug|Any CPU
		{4CB4ACDE-8B0A-4BAC-AF32-ADFC59BFC63F}.Release|Any CPU.ActiveCfg = Release|Any CPU
		{4CB4ACDE-8B0A-4BAC-AF32-ADFC59BFC63F}.Release|Any CPU.Build.0 = Release|Any CPU
	EndGlobalSection
EndGlobal
